// !$*UTF8*$!
{
	archiveVersion = 1;
	classes = {
	};
	objectVersion = 56;
	objects = {

/* Begin PBXBuildFile section */
		0B0CC2682B7E067600E925BC /* ProfileView.swift in Sources */ = {isa = PBXBuildFile; fileRef = 0B0CC2672B7E067600E925BC /* ProfileView.swift */; };
		0B0CC26D2B7F3C1200E925BC /* ListView.swift in Sources */ = {isa = PBXBuildFile; fileRef = 0B0CC26C2B7F3C1200E925BC /* ListView.swift */; };
		0B0CC26F2B7F3DD000E925BC /* ListRowView.swift in Sources */ = {isa = PBXBuildFile; fileRef = 0B0CC26E2B7F3DD000E925BC /* ListRowView.swift */; };
		0B0CC2712B7F432C00E925BC /* AddView.swift in Sources */ = {isa = PBXBuildFile; fileRef = 0B0CC2702B7F432C00E925BC /* AddView.swift */; };
		0B0CC2742B7F48A800E925BC /* ItemModel.swift in Sources */ = {isa = PBXBuildFile; fileRef = 0B0CC2732B7F48A800E925BC /* ItemModel.swift */; };
		0B0CC2772B7F4E6700E925BC /* ListViewModel.swift in Sources */ = {isa = PBXBuildFile; fileRef = 0B0CC2762B7F4E6700E925BC /* ListViewModel.swift */; };
		0B0CC2792B7F9F6600E925BC /* MyPageView.swift in Sources */ = {isa = PBXBuildFile; fileRef = 0B0CC2782B7F9F6600E925BC /* MyPageView.swift */; };
		0B0CC27B2B7FA90100E925BC /* SplashView.swift in Sources */ = {isa = PBXBuildFile; fileRef = 0B0CC27A2B7FA90100E925BC /* SplashView.swift */; };
		0B2C3DFD2B85FA6400DA0FA7 /* FavoriteButton.swift in Sources */ = {isa = PBXBuildFile; fileRef = 0B2C3DFC2B85FA6400DA0FA7 /* FavoriteButton.swift */; };
		0B2C3E002B85FF2E00DA0FA7 /* HexagonParameters.swift in Sources */ = {isa = PBXBuildFile; fileRef = 0B2C3DFF2B85FF2E00DA0FA7 /* HexagonParameters.swift */; };
		0B2C3E022B85FFC800DA0FA7 /* BadgeBackground.swift in Sources */ = {isa = PBXBuildFile; fileRef = 0B2C3E012B85FFC800DA0FA7 /* BadgeBackground.swift */; };
		0B2C3E042B86040600DA0FA7 /* BadgeSymbol.swift in Sources */ = {isa = PBXBuildFile; fileRef = 0B2C3E032B86040600DA0FA7 /* BadgeSymbol.swift */; };
		0B2C3E062B86049000DA0FA7 /* RotateBadgeSymbol.swift in Sources */ = {isa = PBXBuildFile; fileRef = 0B2C3E052B86049000DA0FA7 /* RotateBadgeSymbol.swift */; };
		0B2C3E082B8604BE00DA0FA7 /* Badge.swift in Sources */ = {isa = PBXBuildFile; fileRef = 0B2C3E072B8604BE00DA0FA7 /* Badge.swift */; };
		0B2C3E0A2B862D4F00DA0FA7 /* hikeData.json in Resources */ = {isa = PBXBuildFile; fileRef = 0B2C3E092B862D4F00DA0FA7 /* hikeData.json */; };
		0B2C3E0C2B862D9500DA0FA7 /* Hike.swift in Sources */ = {isa = PBXBuildFile; fileRef = 0B2C3E0B2B862D9500DA0FA7 /* Hike.swift */; };
		0B2C3E122B862E1E00DA0FA7 /* GraphCapsule.swift in Sources */ = {isa = PBXBuildFile; fileRef = 0B2C3E0E2B862E1E00DA0FA7 /* GraphCapsule.swift */; };
		0B2C3E132B862E1E00DA0FA7 /* HikeGraph.swift in Sources */ = {isa = PBXBuildFile; fileRef = 0B2C3E0F2B862E1E00DA0FA7 /* HikeGraph.swift */; };
		0B2C3E142B862E1E00DA0FA7 /* HikeDetail.swift in Sources */ = {isa = PBXBuildFile; fileRef = 0B2C3E102B862E1E00DA0FA7 /* HikeDetail.swift */; };
		0B2C3E152B862E1E00DA0FA7 /* HikeView.swift in Sources */ = {isa = PBXBuildFile; fileRef = 0B2C3E112B862E1E00DA0FA7 /* HikeView.swift */; };
		0B2C3E172B88BC1D00DA0FA7 /* ContentView.swift in Sources */ = {isa = PBXBuildFile; fileRef = 0B2C3E162B88BC1D00DA0FA7 /* ContentView.swift */; };
		0B4A86AA2B7BB18600D97E9B /* ToggleBootcamp.swift in Sources */ = {isa = PBXBuildFile; fileRef = 0B4A86A92B7BB18600D97E9B /* ToggleBootcamp.swift */; };
		0B4A86AC2B7BB2A500D97E9B /* PickerBootcamp.swift in Sources */ = {isa = PBXBuildFile; fileRef = 0B4A86AB2B7BB2A500D97E9B /* PickerBootcamp.swift */; };
		0B4A86AF2B7CFEBF00D97E9B /* IntroView.swift in Sources */ = {isa = PBXBuildFile; fileRef = 0B4A86AE2B7CFEBF00D97E9B /* IntroView.swift */; };
		0B4A86B12B7CFFFC00D97E9B /* OnboardingView.swift in Sources */ = {isa = PBXBuildFile; fileRef = 0B4A86B02B7CFFFC00D97E9B /* OnboardingView.swift */; };
		0B4D3CBC2B88D18F006F0401 /* AppleLoginView.swift in Sources */ = {isa = PBXBuildFile; fileRef = 0B4D3CBB2B88D18F006F0401 /* AppleLoginView.swift */; };
		0B6256B02B8C9395006C4CE1 /* ProgressView.swift in Sources */ = {isa = PBXBuildFile; fileRef = 0B6256AF2B8C9395006C4CE1 /* ProgressView.swift */; };
		0B6256B22B8CA216006C4CE1 /* PickerView.swift in Sources */ = {isa = PBXBuildFile; fileRef = 0B6256B12B8CA216006C4CE1 /* PickerView.swift */; };
		0B6256B42B8CA2F5006C4CE1 /* OnboardingSwipeView.swift in Sources */ = {isa = PBXBuildFile; fileRef = 0B6256B32B8CA2F5006C4CE1 /* OnboardingSwipeView.swift */; };
		0B6256B62B90BCCE006C4CE1 /* SurveyButton.swift in Sources */ = {isa = PBXBuildFile; fileRef = 0B6256B52B90BCCE006C4CE1 /* SurveyButton.swift */; };
		0B6256B82B90C39F006C4CE1 /* SurveyView.swift in Sources */ = {isa = PBXBuildFile; fileRef = 0B6256B72B90C39F006C4CE1 /* SurveyView.swift */; };
		0B6256BB2B921E4C006C4CE1 /* KakaoSDK in Frameworks */ = {isa = PBXBuildFile; productRef = 0B6256BA2B921E4C006C4CE1 /* KakaoSDK */; };
		0B6256BD2B921E4C006C4CE1 /* KakaoSDKAuth in Frameworks */ = {isa = PBXBuildFile; productRef = 0B6256BC2B921E4C006C4CE1 /* KakaoSDKAuth */; };
		0B6256BF2B921E4C006C4CE1 /* KakaoSDKCert in Frameworks */ = {isa = PBXBuildFile; productRef = 0B6256BE2B921E4C006C4CE1 /* KakaoSDKCert */; };
		0B6256C12B921E4C006C4CE1 /* KakaoSDKCertCore in Frameworks */ = {isa = PBXBuildFile; productRef = 0B6256C02B921E4C006C4CE1 /* KakaoSDKCertCore */; };
		0B6256C32B921E4C006C4CE1 /* KakaoSDKCommon in Frameworks */ = {isa = PBXBuildFile; productRef = 0B6256C22B921E4C006C4CE1 /* KakaoSDKCommon */; };
		0B6256C52B921E4C006C4CE1 /* KakaoSDKFriend in Frameworks */ = {isa = PBXBuildFile; productRef = 0B6256C42B921E4C006C4CE1 /* KakaoSDKFriend */; };
		0B6256C72B921E4C006C4CE1 /* KakaoSDKFriendCore in Frameworks */ = {isa = PBXBuildFile; productRef = 0B6256C62B921E4C006C4CE1 /* KakaoSDKFriendCore */; };
		0B6256C92B921E4C006C4CE1 /* KakaoSDKNavi in Frameworks */ = {isa = PBXBuildFile; productRef = 0B6256C82B921E4C006C4CE1 /* KakaoSDKNavi */; };
		0B6256CB2B921E4C006C4CE1 /* KakaoSDKShare in Frameworks */ = {isa = PBXBuildFile; productRef = 0B6256CA2B921E4C006C4CE1 /* KakaoSDKShare */; };
		0B6256CD2B921E4C006C4CE1 /* KakaoSDKTalk in Frameworks */ = {isa = PBXBuildFile; productRef = 0B6256CC2B921E4C006C4CE1 /* KakaoSDKTalk */; };
		0B6256CF2B921E4C006C4CE1 /* KakaoSDKTemplate in Frameworks */ = {isa = PBXBuildFile; productRef = 0B6256CE2B921E4C006C4CE1 /* KakaoSDKTemplate */; };
		0B6256D12B921E4C006C4CE1 /* KakaoSDKUser in Frameworks */ = {isa = PBXBuildFile; productRef = 0B6256D02B921E4C006C4CE1 /* KakaoSDKUser */; };
		0B9174442B8493AA008AF6CB /* LandmarkList.swift in Sources */ = {isa = PBXBuildFile; fileRef = 0B9174432B8493AA008AF6CB /* LandmarkList.swift */; };
		0B9174462B8494F0008AF6CB /* LandmarkDetail.swift in Sources */ = {isa = PBXBuildFile; fileRef = 0B9174452B8494F0008AF6CB /* LandmarkDetail.swift */; };
		0B9174492B849649008AF6CB /* MapView.swift in Sources */ = {isa = PBXBuildFile; fileRef = 0B9174472B849649008AF6CB /* MapView.swift */; };
		0B91744A2B849649008AF6CB /* CircleImage.swift in Sources */ = {isa = PBXBuildFile; fileRef = 0B9174482B849649008AF6CB /* CircleImage.swift */; };
		0BD8A69E2B96FAF6008996AF /* CategoryHome.swift in Sources */ = {isa = PBXBuildFile; fileRef = 0BD8A69D2B96FAF6008996AF /* CategoryHome.swift */; };
		0BD8A6A02B96FD91008996AF /* CategoryRow.swift in Sources */ = {isa = PBXBuildFile; fileRef = 0BD8A69F2B96FD91008996AF /* CategoryRow.swift */; };
		0BD8A6A22B96FF41008996AF /* CategoryItem.swift in Sources */ = {isa = PBXBuildFile; fileRef = 0BD8A6A12B96FF41008996AF /* CategoryItem.swift */; };
		0BD8A6A42B970171008996AF /* LandmarkContentView.swift in Sources */ = {isa = PBXBuildFile; fileRef = 0BD8A6A32B970171008996AF /* LandmarkContentView.swift */; };
		0BD9102A2B725571008345EA /* SwiftUI_practiceApp.swift in Sources */ = {isa = PBXBuildFile; fileRef = 0BD910292B725571008345EA /* SwiftUI_practiceApp.swift */; };
		0BD9102E2B725572008345EA /* Assets.xcassets in Resources */ = {isa = PBXBuildFile; fileRef = 0BD9102D2B725572008345EA /* Assets.xcassets */; };
		0BD910312B725572008345EA /* Preview Assets.xcassets in Resources */ = {isa = PBXBuildFile; fileRef = 0BD910302B725572008345EA /* Preview Assets.xcassets */; };
		0BD910382B725C75008345EA /* TextBootcamp.swift in Sources */ = {isa = PBXBuildFile; fileRef = 0BD910372B725C75008345EA /* TextBootcamp.swift */; };
		0BD9103A2B726164008345EA /* ShapeBootcamp.swift in Sources */ = {isa = PBXBuildFile; fileRef = 0BD910392B726163008345EA /* ShapeBootcamp.swift */; };
		0BD9103C2B7264D1008345EA /* ColorBootcamp.swift in Sources */ = {isa = PBXBuildFile; fileRef = 0BD9103B2B7264D1008345EA /* ColorBootcamp.swift */; };
		0BD9103E2B73461F008345EA /* GradientBootcamp.swift in Sources */ = {isa = PBXBuildFile; fileRef = 0BD9103D2B73461F008345EA /* GradientBootcamp.swift */; };
		0BD910402B734A64008345EA /* IconBootcamp.swift in Sources */ = {isa = PBXBuildFile; fileRef = 0BD9103F2B734A64008345EA /* IconBootcamp.swift */; };
		0BD910422B735650008345EA /* ImageBootcamp.swift in Sources */ = {isa = PBXBuildFile; fileRef = 0BD910412B735650008345EA /* ImageBootcamp.swift */; };
		0BD910442B7359EF008345EA /* FrameBootcamp.swift in Sources */ = {isa = PBXBuildFile; fileRef = 0BD910432B7359EF008345EA /* FrameBootcamp.swift */; };
		0BD910462B735D16008345EA /* backgroundOverlayBootcamp.swift in Sources */ = {isa = PBXBuildFile; fileRef = 0BD910452B735D16008345EA /* backgroundOverlayBootcamp.swift */; };
		0BD910482B73A418008345EA /* StackBootcamp.swift in Sources */ = {isa = PBXBuildFile; fileRef = 0BD910472B73A418008345EA /* StackBootcamp.swift */; };
		0BD9104A2B74B04C008345EA /* ConditionalBootcamp.swift in Sources */ = {isa = PBXBuildFile; fileRef = 0BD910492B74B04C008345EA /* ConditionalBootcamp.swift */; };
		0BD9104C2B7A671E008345EA /* TransitionBootcamp.swift in Sources */ = {isa = PBXBuildFile; fileRef = 0BD9104B2B7A671E008345EA /* TransitionBootcamp.swift */; };
		0BE0A7AD2B8480B60064CAEC /* Landmark.swift in Sources */ = {isa = PBXBuildFile; fileRef = 0BE0A7AC2B8480B60064CAEC /* Landmark.swift */; };
		0BE0A7AF2B84818C0064CAEC /* landmarkData.json in Resources */ = {isa = PBXBuildFile; fileRef = 0BE0A7AE2B84818C0064CAEC /* landmarkData.json */; };
		0BE0A7B12B848E120064CAEC /* ModelData.swift in Sources */ = {isa = PBXBuildFile; fileRef = 0BE0A7B02B848E120064CAEC /* ModelData.swift */; };
		0BE0A7B62B84908F0064CAEC /* LandmarkRow.swift in Sources */ = {isa = PBXBuildFile; fileRef = 0BE0A7B52B84908F0064CAEC /* LandmarkRow.swift */; };
/* End PBXBuildFile section */

/* Begin PBXFileReference section */
		0B0CC2672B7E067600E925BC /* ProfileView.swift */ = {isa = PBXFileReference; lastKnownFileType = sourcecode.swift; path = ProfileView.swift; sourceTree = "<group>"; };
		0B0CC26C2B7F3C1200E925BC /* ListView.swift */ = {isa = PBXFileReference; lastKnownFileType = sourcecode.swift; path = ListView.swift; sourceTree = "<group>"; };
		0B0CC26E2B7F3DD000E925BC /* ListRowView.swift */ = {isa = PBXFileReference; lastKnownFileType = sourcecode.swift; path = ListRowView.swift; sourceTree = "<group>"; };
		0B0CC2702B7F432C00E925BC /* AddView.swift */ = {isa = PBXFileReference; lastKnownFileType = sourcecode.swift; path = AddView.swift; sourceTree = "<group>"; };
		0B0CC2732B7F48A800E925BC /* ItemModel.swift */ = {isa = PBXFileReference; lastKnownFileType = sourcecode.swift; path = ItemModel.swift; sourceTree = "<group>"; };
		0B0CC2762B7F4E6700E925BC /* ListViewModel.swift */ = {isa = PBXFileReference; lastKnownFileType = sourcecode.swift; path = ListViewModel.swift; sourceTree = "<group>"; };
		0B0CC2782B7F9F6600E925BC /* MyPageView.swift */ = {isa = PBXFileReference; lastKnownFileType = sourcecode.swift; path = MyPageView.swift; sourceTree = "<group>"; };
		0B0CC27A2B7FA90100E925BC /* SplashView.swift */ = {isa = PBXFileReference; lastKnownFileType = sourcecode.swift; path = SplashView.swift; sourceTree = "<group>"; };
		0B2C3DFC2B85FA6400DA0FA7 /* FavoriteButton.swift */ = {isa = PBXFileReference; lastKnownFileType = sourcecode.swift; path = FavoriteButton.swift; sourceTree = "<group>"; };
		0B2C3DFF2B85FF2E00DA0FA7 /* HexagonParameters.swift */ = {isa = PBXFileReference; lastKnownFileType = sourcecode.swift; path = HexagonParameters.swift; sourceTree = "<group>"; };
		0B2C3E012B85FFC800DA0FA7 /* BadgeBackground.swift */ = {isa = PBXFileReference; lastKnownFileType = sourcecode.swift; path = BadgeBackground.swift; sourceTree = "<group>"; };
		0B2C3E032B86040600DA0FA7 /* BadgeSymbol.swift */ = {isa = PBXFileReference; lastKnownFileType = sourcecode.swift; path = BadgeSymbol.swift; sourceTree = "<group>"; };
		0B2C3E052B86049000DA0FA7 /* RotateBadgeSymbol.swift */ = {isa = PBXFileReference; lastKnownFileType = sourcecode.swift; path = RotateBadgeSymbol.swift; sourceTree = "<group>"; };
		0B2C3E072B8604BE00DA0FA7 /* Badge.swift */ = {isa = PBXFileReference; lastKnownFileType = sourcecode.swift; path = Badge.swift; sourceTree = "<group>"; };
		0B2C3E092B862D4F00DA0FA7 /* hikeData.json */ = {isa = PBXFileReference; fileEncoding = 4; lastKnownFileType = text.json; path = hikeData.json; sourceTree = "<group>"; };
		0B2C3E0B2B862D9500DA0FA7 /* Hike.swift */ = {isa = PBXFileReference; lastKnownFileType = sourcecode.swift; path = Hike.swift; sourceTree = "<group>"; };
		0B2C3E0E2B862E1E00DA0FA7 /* GraphCapsule.swift */ = {isa = PBXFileReference; fileEncoding = 4; lastKnownFileType = sourcecode.swift; path = GraphCapsule.swift; sourceTree = "<group>"; };
		0B2C3E0F2B862E1E00DA0FA7 /* HikeGraph.swift */ = {isa = PBXFileReference; fileEncoding = 4; lastKnownFileType = sourcecode.swift; path = HikeGraph.swift; sourceTree = "<group>"; };
		0B2C3E102B862E1E00DA0FA7 /* HikeDetail.swift */ = {isa = PBXFileReference; fileEncoding = 4; lastKnownFileType = sourcecode.swift; path = HikeDetail.swift; sourceTree = "<group>"; };
		0B2C3E112B862E1E00DA0FA7 /* HikeView.swift */ = {isa = PBXFileReference; fileEncoding = 4; lastKnownFileType = sourcecode.swift; path = HikeView.swift; sourceTree = "<group>"; };
		0B2C3E162B88BC1D00DA0FA7 /* ContentView.swift */ = {isa = PBXFileReference; lastKnownFileType = sourcecode.swift; path = ContentView.swift; sourceTree = "<group>"; };
		0B4A86A92B7BB18600D97E9B /* ToggleBootcamp.swift */ = {isa = PBXFileReference; lastKnownFileType = sourcecode.swift; path = ToggleBootcamp.swift; sourceTree = "<group>"; };
		0B4A86AB2B7BB2A500D97E9B /* PickerBootcamp.swift */ = {isa = PBXFileReference; lastKnownFileType = sourcecode.swift; path = PickerBootcamp.swift; sourceTree = "<group>"; };
		0B4A86AE2B7CFEBF00D97E9B /* IntroView.swift */ = {isa = PBXFileReference; lastKnownFileType = sourcecode.swift; path = IntroView.swift; sourceTree = "<group>"; };
		0B4A86B02B7CFFFC00D97E9B /* OnboardingView.swift */ = {isa = PBXFileReference; lastKnownFileType = sourcecode.swift; path = OnboardingView.swift; sourceTree = "<group>"; };
		0B4D3CBB2B88D18F006F0401 /* AppleLoginView.swift */ = {isa = PBXFileReference; lastKnownFileType = sourcecode.swift; path = AppleLoginView.swift; sourceTree = "<group>"; };
		0B6256AF2B8C9395006C4CE1 /* ProgressView.swift */ = {isa = PBXFileReference; lastKnownFileType = sourcecode.swift; path = ProgressView.swift; sourceTree = "<group>"; };
		0B6256B12B8CA216006C4CE1 /* PickerView.swift */ = {isa = PBXFileReference; lastKnownFileType = sourcecode.swift; path = PickerView.swift; sourceTree = "<group>"; };
		0B6256B32B8CA2F5006C4CE1 /* OnboardingSwipeView.swift */ = {isa = PBXFileReference; lastKnownFileType = sourcecode.swift; path = OnboardingSwipeView.swift; sourceTree = "<group>"; };
		0B6256B52B90BCCE006C4CE1 /* SurveyButton.swift */ = {isa = PBXFileReference; lastKnownFileType = sourcecode.swift; path = SurveyButton.swift; sourceTree = "<group>"; };
		0B6256B72B90C39F006C4CE1 /* SurveyView.swift */ = {isa = PBXFileReference; lastKnownFileType = sourcecode.swift; path = SurveyView.swift; sourceTree = "<group>"; };
		0B6256D22B921F85006C4CE1 /* Info.plist */ = {isa = PBXFileReference; lastKnownFileType = text.plist; path = Info.plist; sourceTree = "<group>"; };
		0B9174432B8493AA008AF6CB /* LandmarkList.swift */ = {isa = PBXFileReference; lastKnownFileType = sourcecode.swift; path = LandmarkList.swift; sourceTree = "<group>"; };
		0B9174452B8494F0008AF6CB /* LandmarkDetail.swift */ = {isa = PBXFileReference; lastKnownFileType = sourcecode.swift; path = LandmarkDetail.swift; sourceTree = "<group>"; };
		0B9174472B849649008AF6CB /* MapView.swift */ = {isa = PBXFileReference; fileEncoding = 4; lastKnownFileType = sourcecode.swift; path = MapView.swift; sourceTree = "<group>"; };
		0B9174482B849649008AF6CB /* CircleImage.swift */ = {isa = PBXFileReference; fileEncoding = 4; lastKnownFileType = sourcecode.swift; path = CircleImage.swift; sourceTree = "<group>"; };
		0BD8A69D2B96FAF6008996AF /* CategoryHome.swift */ = {isa = PBXFileReference; lastKnownFileType = sourcecode.swift; path = CategoryHome.swift; sourceTree = "<group>"; };
		0BD8A69F2B96FD91008996AF /* CategoryRow.swift */ = {isa = PBXFileReference; lastKnownFileType = sourcecode.swift; path = CategoryRow.swift; sourceTree = "<group>"; };
		0BD8A6A12B96FF41008996AF /* CategoryItem.swift */ = {isa = PBXFileReference; lastKnownFileType = sourcecode.swift; path = CategoryItem.swift; sourceTree = "<group>"; };
		0BD8A6A32B970171008996AF /* LandmarkContentView.swift */ = {isa = PBXFileReference; lastKnownFileType = sourcecode.swift; path = LandmarkContentView.swift; sourceTree = "<group>"; };
		0BD910262B725571008345EA /* SwiftUI-practice.app */ = {isa = PBXFileReference; explicitFileType = wrapper.application; includeInIndex = 0; path = "SwiftUI-practice.app"; sourceTree = BUILT_PRODUCTS_DIR; };
		0BD910292B725571008345EA /* SwiftUI_practiceApp.swift */ = {isa = PBXFileReference; lastKnownFileType = sourcecode.swift; path = SwiftUI_practiceApp.swift; sourceTree = "<group>"; };
		0BD9102D2B725572008345EA /* Assets.xcassets */ = {isa = PBXFileReference; lastKnownFileType = folder.assetcatalog; path = Assets.xcassets; sourceTree = "<group>"; };
		0BD910302B725572008345EA /* Preview Assets.xcassets */ = {isa = PBXFileReference; lastKnownFileType = folder.assetcatalog; path = "Preview Assets.xcassets"; sourceTree = "<group>"; };
		0BD910372B725C75008345EA /* TextBootcamp.swift */ = {isa = PBXFileReference; lastKnownFileType = sourcecode.swift; path = TextBootcamp.swift; sourceTree = "<group>"; };
		0BD910392B726163008345EA /* ShapeBootcamp.swift */ = {isa = PBXFileReference; lastKnownFileType = sourcecode.swift; path = ShapeBootcamp.swift; sourceTree = "<group>"; };
		0BD9103B2B7264D1008345EA /* ColorBootcamp.swift */ = {isa = PBXFileReference; lastKnownFileType = sourcecode.swift; path = ColorBootcamp.swift; sourceTree = "<group>"; };
		0BD9103D2B73461F008345EA /* GradientBootcamp.swift */ = {isa = PBXFileReference; lastKnownFileType = sourcecode.swift; path = GradientBootcamp.swift; sourceTree = "<group>"; };
		0BD9103F2B734A64008345EA /* IconBootcamp.swift */ = {isa = PBXFileReference; lastKnownFileType = sourcecode.swift; path = IconBootcamp.swift; sourceTree = "<group>"; };
		0BD910412B735650008345EA /* ImageBootcamp.swift */ = {isa = PBXFileReference; lastKnownFileType = sourcecode.swift; path = ImageBootcamp.swift; sourceTree = "<group>"; };
		0BD910432B7359EF008345EA /* FrameBootcamp.swift */ = {isa = PBXFileReference; lastKnownFileType = sourcecode.swift; path = FrameBootcamp.swift; sourceTree = "<group>"; };
		0BD910452B735D16008345EA /* backgroundOverlayBootcamp.swift */ = {isa = PBXFileReference; lastKnownFileType = sourcecode.swift; path = backgroundOverlayBootcamp.swift; sourceTree = "<group>"; };
		0BD910472B73A418008345EA /* StackBootcamp.swift */ = {isa = PBXFileReference; lastKnownFileType = sourcecode.swift; path = StackBootcamp.swift; sourceTree = "<group>"; };
		0BD910492B74B04C008345EA /* ConditionalBootcamp.swift */ = {isa = PBXFileReference; lastKnownFileType = sourcecode.swift; path = ConditionalBootcamp.swift; sourceTree = "<group>"; };
		0BD9104B2B7A671E008345EA /* TransitionBootcamp.swift */ = {isa = PBXFileReference; lastKnownFileType = sourcecode.swift; path = TransitionBootcamp.swift; sourceTree = "<group>"; };
		0BE0A7AC2B8480B60064CAEC /* Landmark.swift */ = {isa = PBXFileReference; lastKnownFileType = sourcecode.swift; path = Landmark.swift; sourceTree = "<group>"; };
		0BE0A7AE2B84818C0064CAEC /* landmarkData.json */ = {isa = PBXFileReference; fileEncoding = 4; lastKnownFileType = text.json; path = landmarkData.json; sourceTree = "<group>"; };
		0BE0A7B02B848E120064CAEC /* ModelData.swift */ = {isa = PBXFileReference; lastKnownFileType = sourcecode.swift; path = ModelData.swift; sourceTree = "<group>"; };
		0BE0A7B52B84908F0064CAEC /* LandmarkRow.swift */ = {isa = PBXFileReference; lastKnownFileType = sourcecode.swift; path = LandmarkRow.swift; sourceTree = "<group>"; };
/* End PBXFileReference section */

/* Begin PBXFrameworksBuildPhase section */
		0BD910232B725571008345EA /* Frameworks */ = {
			isa = PBXFrameworksBuildPhase;
			buildActionMask = 2147483647;
			files = (
				0B6256C72B921E4C006C4CE1 /* KakaoSDKFriendCore in Frameworks */,
				0B6256C12B921E4C006C4CE1 /* KakaoSDKCertCore in Frameworks */,
				0B6256BF2B921E4C006C4CE1 /* KakaoSDKCert in Frameworks */,
				0B6256CF2B921E4C006C4CE1 /* KakaoSDKTemplate in Frameworks */,
				0B6256C92B921E4C006C4CE1 /* KakaoSDKNavi in Frameworks */,
				0B6256BB2B921E4C006C4CE1 /* KakaoSDK in Frameworks */,
				0B6256C32B921E4C006C4CE1 /* KakaoSDKCommon in Frameworks */,
				0B6256BD2B921E4C006C4CE1 /* KakaoSDKAuth in Frameworks */,
				0B6256D12B921E4C006C4CE1 /* KakaoSDKUser in Frameworks */,
				0B6256CD2B921E4C006C4CE1 /* KakaoSDKTalk in Frameworks */,
				0B6256C52B921E4C006C4CE1 /* KakaoSDKFriend in Frameworks */,
				0B6256CB2B921E4C006C4CE1 /* KakaoSDKShare in Frameworks */,
			);
			runOnlyForDeploymentPostprocessing = 0;
		};
/* End PBXFrameworksBuildPhase section */

/* Begin PBXGroup section */
		0B0CC2692B7F12DA00E925BC /* BootCamp */ = {
			isa = PBXGroup;
			children = (
				0BD9104B2B7A671E008345EA /* TransitionBootcamp.swift */,
				0BD910412B735650008345EA /* ImageBootcamp.swift */,
				0BD910372B725C75008345EA /* TextBootcamp.swift */,
				0BD910392B726163008345EA /* ShapeBootcamp.swift */,
				0BD9103B2B7264D1008345EA /* ColorBootcamp.swift */,
				0BD910452B735D16008345EA /* backgroundOverlayBootcamp.swift */,
				0BD910472B73A418008345EA /* StackBootcamp.swift */,
				0BD9103D2B73461F008345EA /* GradientBootcamp.swift */,
				0BD9103F2B734A64008345EA /* IconBootcamp.swift */,
				0BD910432B7359EF008345EA /* FrameBootcamp.swift */,
				0BD910492B74B04C008345EA /* ConditionalBootcamp.swift */,
				0B4A86A92B7BB18600D97E9B /* ToggleBootcamp.swift */,
				0B4A86AB2B7BB2A500D97E9B /* PickerBootcamp.swift */,
			);
			path = BootCamp;
			sourceTree = "<group>";
		};
		0B0CC26A2B7F3B4500E925BC /* TodoList */ = {
			isa = PBXGroup;
			children = (
				0B0CC2752B7F4CA400E925BC /* ViewModels */,
				0B0CC2722B7F488700E925BC /* Models */,
				0B0CC26B2B7F3C0300E925BC /* Views */,
			);
			path = TodoList;
			sourceTree = "<group>";
		};
		0B0CC26B2B7F3C0300E925BC /* Views */ = {
			isa = PBXGroup;
			children = (
				0B0CC26C2B7F3C1200E925BC /* ListView.swift */,
				0B0CC26E2B7F3DD000E925BC /* ListRowView.swift */,
				0B0CC2702B7F432C00E925BC /* AddView.swift */,
				0B0CC2782B7F9F6600E925BC /* MyPageView.swift */,
				0B0CC27A2B7FA90100E925BC /* SplashView.swift */,
				0B4D3CBB2B88D18F006F0401 /* AppleLoginView.swift */,
				0B6256AF2B8C9395006C4CE1 /* ProgressView.swift */,
				0B6256B12B8CA216006C4CE1 /* PickerView.swift */,
				0B6256B32B8CA2F5006C4CE1 /* OnboardingSwipeView.swift */,
				0B6256B52B90BCCE006C4CE1 /* SurveyButton.swift */,
				0B6256B72B90C39F006C4CE1 /* SurveyView.swift */,
			);
			path = Views;
			sourceTree = "<group>";
		};
		0B0CC2722B7F488700E925BC /* Models */ = {
			isa = PBXGroup;
			children = (
				0B0CC2732B7F48A800E925BC /* ItemModel.swift */,
			);
			path = Models;
			sourceTree = "<group>";
		};
		0B0CC2752B7F4CA400E925BC /* ViewModels */ = {
			isa = PBXGroup;
			children = (
				0B0CC2762B7F4E6700E925BC /* ListViewModel.swift */,
			);
			path = ViewModels;
			sourceTree = "<group>";
		};
		0B2C3DFE2B85FB0100DA0FA7 /* Helper */ = {
			isa = PBXGroup;
			children = (
				0B2C3DFC2B85FA6400DA0FA7 /* FavoriteButton.swift */,
				0B9174472B849649008AF6CB /* MapView.swift */,
				0B9174482B849649008AF6CB /* CircleImage.swift */,
				0B2C3DFF2B85FF2E00DA0FA7 /* HexagonParameters.swift */,
			);
			path = Helper;
			sourceTree = "<group>";
		};
		0B2C3E0D2B862E1E00DA0FA7 /* Hikes */ = {
			isa = PBXGroup;
			children = (
				0B2C3E0E2B862E1E00DA0FA7 /* GraphCapsule.swift */,
				0B2C3E0F2B862E1E00DA0FA7 /* HikeGraph.swift */,
				0B2C3E102B862E1E00DA0FA7 /* HikeDetail.swift */,
				0B2C3E112B862E1E00DA0FA7 /* HikeView.swift */,
			);
			path = Hikes;
			sourceTree = "<group>";
		};
		0B4A86AD2B7CFEAD00D97E9B /* Onboarding */ = {
			isa = PBXGroup;
			children = (
				0B4A86AE2B7CFEBF00D97E9B /* IntroView.swift */,
				0B4A86B02B7CFFFC00D97E9B /* OnboardingView.swift */,
				0B0CC2672B7E067600E925BC /* ProfileView.swift */,
			);
			path = Onboarding;
			sourceTree = "<group>";
		};
		0BD8A69C2B96FAE0008996AF /* Categories */ = {
			isa = PBXGroup;
			children = (
				0BD8A69D2B96FAF6008996AF /* CategoryHome.swift */,
				0BD8A69F2B96FD91008996AF /* CategoryRow.swift */,
				0BD8A6A12B96FF41008996AF /* CategoryItem.swift */,
			);
			path = Categories;
			sourceTree = "<group>";
		};
		0BD9101D2B725571008345EA = {
			isa = PBXGroup;
			children = (
				0BD910282B725571008345EA /* SwiftUI-practice */,
				0BD910272B725571008345EA /* Products */,
			);
			sourceTree = "<group>";
		};
		0BD910272B725571008345EA /* Products */ = {
			isa = PBXGroup;
			children = (
				0BD910262B725571008345EA /* SwiftUI-practice.app */,
			);
			name = Products;
			sourceTree = "<group>";
		};
		0BD910282B725571008345EA /* SwiftUI-practice */ = {
			isa = PBXGroup;
			children = (
				0B6256D22B921F85006C4CE1 /* Info.plist */,
				0BE0A7AB2B84808A0064CAEC /* Landmark */,
				0B4A86AD2B7CFEAD00D97E9B /* Onboarding */,
				0B0CC26A2B7F3B4500E925BC /* TodoList */,
				0BD910292B725571008345EA /* SwiftUI_practiceApp.swift */,
				0B2C3E162B88BC1D00DA0FA7 /* ContentView.swift */,
				0BD9102D2B725572008345EA /* Assets.xcassets */,
				0B0CC2692B7F12DA00E925BC /* BootCamp */,
				0BD9102F2B725572008345EA /* Preview Content */,
			);
			path = "SwiftUI-practice";
			sourceTree = "<group>";
		};
		0BD9102F2B725572008345EA /* Preview Content */ = {
			isa = PBXGroup;
			children = (
				0BD910302B725572008345EA /* Preview Assets.xcassets */,
			);
			path = "Preview Content";
			sourceTree = "<group>";
		};
		0BE0A7AB2B84808A0064CAEC /* Landmark */ = {
			isa = PBXGroup;
			children = (
				0B2C3DFE2B85FB0100DA0FA7 /* Helper */,
				0BE0A7B22B848E8E0064CAEC /* Views */,
				0BE0A7B42B848E9D0064CAEC /* Resources */,
				0BE0A7B32B848E960064CAEC /* Models */,
				0BD8A6A32B970171008996AF /* LandmarkContentView.swift */,
			);
			path = Landmark;
			sourceTree = "<group>";
		};
		0BE0A7B22B848E8E0064CAEC /* Views */ = {
			isa = PBXGroup;
			children = (
				0BD8A69C2B96FAE0008996AF /* Categories */,
				0BE0A7B52B84908F0064CAEC /* LandmarkRow.swift */,
				0B9174432B8493AA008AF6CB /* LandmarkList.swift */,
				0B9174452B8494F0008AF6CB /* LandmarkDetail.swift */,
				0B2C3E012B85FFC800DA0FA7 /* BadgeBackground.swift */,
				0B2C3E032B86040600DA0FA7 /* BadgeSymbol.swift */,
				0B2C3E052B86049000DA0FA7 /* RotateBadgeSymbol.swift */,
				0B2C3E072B8604BE00DA0FA7 /* Badge.swift */,
			);
			path = Views;
			sourceTree = "<group>";
		};
		0BE0A7B32B848E960064CAEC /* Models */ = {
			isa = PBXGroup;
			children = (
				0BE0A7B02B848E120064CAEC /* ModelData.swift */,
				0BE0A7AC2B8480B60064CAEC /* Landmark.swift */,
				0B2C3E0B2B862D9500DA0FA7 /* Hike.swift */,
			);
			path = Models;
			sourceTree = "<group>";
		};
		0BE0A7B42B848E9D0064CAEC /* Resources */ = {
			isa = PBXGroup;
			children = (
				0B2C3E0D2B862E1E00DA0FA7 /* Hikes */,
				0B2C3E092B862D4F00DA0FA7 /* hikeData.json */,
				0BE0A7AE2B84818C0064CAEC /* landmarkData.json */,
			);
			path = Resources;
			sourceTree = "<group>";
		};
/* End PBXGroup section */

/* Begin PBXNativeTarget section */
		0BD910252B725571008345EA /* SwiftUI-practice */ = {
			isa = PBXNativeTarget;
			buildConfigurationList = 0BD910342B725572008345EA /* Build configuration list for PBXNativeTarget "SwiftUI-practice" */;
			buildPhases = (
				0BD910222B725571008345EA /* Sources */,
				0BD910232B725571008345EA /* Frameworks */,
				0BD910242B725571008345EA /* Resources */,
			);
			buildRules = (
			);
			dependencies = (
			);
			name = "SwiftUI-practice";
			packageProductDependencies = (
				0B6256BA2B921E4C006C4CE1 /* KakaoSDK */,
				0B6256BC2B921E4C006C4CE1 /* KakaoSDKAuth */,
				0B6256BE2B921E4C006C4CE1 /* KakaoSDKCert */,
				0B6256C02B921E4C006C4CE1 /* KakaoSDKCertCore */,
				0B6256C22B921E4C006C4CE1 /* KakaoSDKCommon */,
				0B6256C42B921E4C006C4CE1 /* KakaoSDKFriend */,
				0B6256C62B921E4C006C4CE1 /* KakaoSDKFriendCore */,
				0B6256C82B921E4C006C4CE1 /* KakaoSDKNavi */,
				0B6256CA2B921E4C006C4CE1 /* KakaoSDKShare */,
				0B6256CC2B921E4C006C4CE1 /* KakaoSDKTalk */,
				0B6256CE2B921E4C006C4CE1 /* KakaoSDKTemplate */,
				0B6256D02B921E4C006C4CE1 /* KakaoSDKUser */,
			);
			productName = "SwiftUI-practice";
			productReference = 0BD910262B725571008345EA /* SwiftUI-practice.app */;
			productType = "com.apple.product-type.application";
		};
/* End PBXNativeTarget section */

/* Begin PBXProject section */
		0BD9101E2B725571008345EA /* Project object */ = {
			isa = PBXProject;
			attributes = {
				BuildIndependentTargetsInParallel = 1;
				LastSwiftUpdateCheck = 1510;
				LastUpgradeCheck = 1510;
				TargetAttributes = {
					0BD910252B725571008345EA = {
						CreatedOnToolsVersion = 15.1;
					};
				};
			};
			buildConfigurationList = 0BD910212B725571008345EA /* Build configuration list for PBXProject "SwiftUI-practice" */;
			compatibilityVersion = "Xcode 14.0";
			developmentRegion = en;
			hasScannedForEncodings = 0;
			knownRegions = (
				en,
				Base,
			);
			mainGroup = 0BD9101D2B725571008345EA;
			packageReferences = (
				0B6256B92B921E4C006C4CE1 /* XCRemoteSwiftPackageReference "kakao-ios-sdk" */,
			);
			productRefGroup = 0BD910272B725571008345EA /* Products */;
			projectDirPath = "";
			projectRoot = "";
			targets = (
				0BD910252B725571008345EA /* SwiftUI-practice */,
			);
		};
/* End PBXProject section */

/* Begin PBXResourcesBuildPhase section */
		0BD910242B725571008345EA /* Resources */ = {
			isa = PBXResourcesBuildPhase;
			buildActionMask = 2147483647;
			files = (
				0B2C3E0A2B862D4F00DA0FA7 /* hikeData.json in Resources */,
				0BD910312B725572008345EA /* Preview Assets.xcassets in Resources */,
				0BD9102E2B725572008345EA /* Assets.xcassets in Resources */,
				0BE0A7AF2B84818C0064CAEC /* landmarkData.json in Resources */,
			);
			runOnlyForDeploymentPostprocessing = 0;
		};
/* End PBXResourcesBuildPhase section */

/* Begin PBXSourcesBuildPhase section */
		0BD910222B725571008345EA /* Sources */ = {
			isa = PBXSourcesBuildPhase;
			buildActionMask = 2147483647;
			files = (
				0B2C3E132B862E1E00DA0FA7 /* HikeGraph.swift in Sources */,
				0BD910482B73A418008345EA /* StackBootcamp.swift in Sources */,
				0BD8A6A42B970171008996AF /* LandmarkContentView.swift in Sources */,
				0B91744A2B849649008AF6CB /* CircleImage.swift in Sources */,
				0B0CC26D2B7F3C1200E925BC /* ListView.swift in Sources */,
				0BE0A7B12B848E120064CAEC /* ModelData.swift in Sources */,
				0B2C3E002B85FF2E00DA0FA7 /* HexagonParameters.swift in Sources */,
				0B6256B22B8CA216006C4CE1 /* PickerView.swift in Sources */,
				0B0CC27B2B7FA90100E925BC /* SplashView.swift in Sources */,
				0B4A86AF2B7CFEBF00D97E9B /* IntroView.swift in Sources */,
				0BD9103C2B7264D1008345EA /* ColorBootcamp.swift in Sources */,
				0B0CC2742B7F48A800E925BC /* ItemModel.swift in Sources */,
				0B2C3E172B88BC1D00DA0FA7 /* ContentView.swift in Sources */,
				0B9174442B8493AA008AF6CB /* LandmarkList.swift in Sources */,
				0B2C3E142B862E1E00DA0FA7 /* HikeDetail.swift in Sources */,
				0B4D3CBC2B88D18F006F0401 /* AppleLoginView.swift in Sources */,
				0B2C3DFD2B85FA6400DA0FA7 /* FavoriteButton.swift in Sources */,
				0BD8A69E2B96FAF6008996AF /* CategoryHome.swift in Sources */,
				0BD9103A2B726164008345EA /* ShapeBootcamp.swift in Sources */,
				0BD9104C2B7A671E008345EA /* TransitionBootcamp.swift in Sources */,
				0B6256B02B8C9395006C4CE1 /* ProgressView.swift in Sources */,
				0B9174492B849649008AF6CB /* MapView.swift in Sources */,
				0B4A86AC2B7BB2A500D97E9B /* PickerBootcamp.swift in Sources */,
				0B0CC26F2B7F3DD000E925BC /* ListRowView.swift in Sources */,
				0B4A86AA2B7BB18600D97E9B /* ToggleBootcamp.swift in Sources */,
				0B6256B62B90BCCE006C4CE1 /* SurveyButton.swift in Sources */,
				0BD8A6A02B96FD91008996AF /* CategoryRow.swift in Sources */,
				0B2C3E062B86049000DA0FA7 /* RotateBadgeSymbol.swift in Sources */,
				0BD910442B7359EF008345EA /* FrameBootcamp.swift in Sources */,
				0BD910402B734A64008345EA /* IconBootcamp.swift in Sources */,
				0B2C3E122B862E1E00DA0FA7 /* GraphCapsule.swift in Sources */,
				0BE0A7AD2B8480B60064CAEC /* Landmark.swift in Sources */,
				0B0CC2682B7E067600E925BC /* ProfileView.swift in Sources */,
				0BD910462B735D16008345EA /* backgroundOverlayBootcamp.swift in Sources */,
				0B2C3E022B85FFC800DA0FA7 /* BadgeBackground.swift in Sources */,
				0BD8A6A22B96FF41008996AF /* CategoryItem.swift in Sources */,
				0B0CC2712B7F432C00E925BC /* AddView.swift in Sources */,
				0BD910382B725C75008345EA /* TextBootcamp.swift in Sources */,
				0B0CC2792B7F9F6600E925BC /* MyPageView.swift in Sources */,
				0BD9103E2B73461F008345EA /* GradientBootcamp.swift in Sources */,
				0BD9104A2B74B04C008345EA /* ConditionalBootcamp.swift in Sources */,
				0B2C3E0C2B862D9500DA0FA7 /* Hike.swift in Sources */,
				0B2C3E152B862E1E00DA0FA7 /* HikeView.swift in Sources */,
				0B2C3E042B86040600DA0FA7 /* BadgeSymbol.swift in Sources */,
				0BD910422B735650008345EA /* ImageBootcamp.swift in Sources */,
				0B0CC2772B7F4E6700E925BC /* ListViewModel.swift in Sources */,
				0B6256B82B90C39F006C4CE1 /* SurveyView.swift in Sources */,
				0B4A86B12B7CFFFC00D97E9B /* OnboardingView.swift in Sources */,
				0BE0A7B62B84908F0064CAEC /* LandmarkRow.swift in Sources */,
				0B6256B42B8CA2F5006C4CE1 /* OnboardingSwipeView.swift in Sources */,
				0B9174462B8494F0008AF6CB /* LandmarkDetail.swift in Sources */,
				0BD9102A2B725571008345EA /* SwiftUI_practiceApp.swift in Sources */,
				0B2C3E082B8604BE00DA0FA7 /* Badge.swift in Sources */,
			);
			runOnlyForDeploymentPostprocessing = 0;
		};
/* End PBXSourcesBuildPhase section */

/* Begin XCBuildConfiguration section */
		0BD910322B725572008345EA /* Debug */ = {
			isa = XCBuildConfiguration;
			buildSettings = {
				ALWAYS_SEARCH_USER_PATHS = NO;
				ASSETCATALOG_COMPILER_GENERATE_SWIFT_ASSET_SYMBOL_EXTENSIONS = YES;
				CLANG_ANALYZER_NONNULL = YES;
				CLANG_ANALYZER_NUMBER_OBJECT_CONVERSION = YES_AGGRESSIVE;
				CLANG_CXX_LANGUAGE_STANDARD = "gnu++20";
				CLANG_ENABLE_MODULES = YES;
				CLANG_ENABLE_OBJC_ARC = YES;
				CLANG_ENABLE_OBJC_WEAK = YES;
				CLANG_WARN_BLOCK_CAPTURE_AUTORELEASING = YES;
				CLANG_WARN_BOOL_CONVERSION = YES;
				CLANG_WARN_COMMA = YES;
				CLANG_WARN_CONSTANT_CONVERSION = YES;
				CLANG_WARN_DEPRECATED_OBJC_IMPLEMENTATIONS = YES;
				CLANG_WARN_DIRECT_OBJC_ISA_USAGE = YES_ERROR;
				CLANG_WARN_DOCUMENTATION_COMMENTS = YES;
				CLANG_WARN_EMPTY_BODY = YES;
				CLANG_WARN_ENUM_CONVERSION = YES;
				CLANG_WARN_INFINITE_RECURSION = YES;
				CLANG_WARN_INT_CONVERSION = YES;
				CLANG_WARN_NON_LITERAL_NULL_CONVERSION = YES;
				CLANG_WARN_OBJC_IMPLICIT_RETAIN_SELF = YES;
				CLANG_WARN_OBJC_LITERAL_CONVERSION = YES;
				CLANG_WARN_OBJC_ROOT_CLASS = YES_ERROR;
				CLANG_WARN_QUOTED_INCLUDE_IN_FRAMEWORK_HEADER = YES;
				CLANG_WARN_RANGE_LOOP_ANALYSIS = YES;
				CLANG_WARN_STRICT_PROTOTYPES = YES;
				CLANG_WARN_SUSPICIOUS_MOVE = YES;
				CLANG_WARN_UNGUARDED_AVAILABILITY = YES_AGGRESSIVE;
				CLANG_WARN_UNREACHABLE_CODE = YES;
				CLANG_WARN__DUPLICATE_METHOD_MATCH = YES;
				COPY_PHASE_STRIP = NO;
				DEBUG_INFORMATION_FORMAT = dwarf;
				ENABLE_STRICT_OBJC_MSGSEND = YES;
				ENABLE_TESTABILITY = YES;
				ENABLE_USER_SCRIPT_SANDBOXING = YES;
				GCC_C_LANGUAGE_STANDARD = gnu17;
				GCC_DYNAMIC_NO_PIC = NO;
				GCC_NO_COMMON_BLOCKS = YES;
				GCC_OPTIMIZATION_LEVEL = 0;
				GCC_PREPROCESSOR_DEFINITIONS = (
					"DEBUG=1",
					"$(inherited)",
				);
				GCC_WARN_64_TO_32_BIT_CONVERSION = YES;
				GCC_WARN_ABOUT_RETURN_TYPE = YES_ERROR;
				GCC_WARN_UNDECLARED_SELECTOR = YES;
				GCC_WARN_UNINITIALIZED_AUTOS = YES_AGGRESSIVE;
				GCC_WARN_UNUSED_FUNCTION = YES;
				GCC_WARN_UNUSED_VARIABLE = YES;
				IPHONEOS_DEPLOYMENT_TARGET = 17.2;
				LOCALIZATION_PREFERS_STRING_CATALOGS = YES;
				MTL_ENABLE_DEBUG_INFO = INCLUDE_SOURCE;
				MTL_FAST_MATH = YES;
				ONLY_ACTIVE_ARCH = YES;
				SDKROOT = iphoneos;
				SWIFT_ACTIVE_COMPILATION_CONDITIONS = "DEBUG $(inherited)";
				SWIFT_OPTIMIZATION_LEVEL = "-Onone";
			};
			name = Debug;
		};
		0BD910332B725572008345EA /* Release */ = {
			isa = XCBuildConfiguration;
			buildSettings = {
				ALWAYS_SEARCH_USER_PATHS = NO;
				ASSETCATALOG_COMPILER_GENERATE_SWIFT_ASSET_SYMBOL_EXTENSIONS = YES;
				CLANG_ANALYZER_NONNULL = YES;
				CLANG_ANALYZER_NUMBER_OBJECT_CONVERSION = YES_AGGRESSIVE;
				CLANG_CXX_LANGUAGE_STANDARD = "gnu++20";
				CLANG_ENABLE_MODULES = YES;
				CLANG_ENABLE_OBJC_ARC = YES;
				CLANG_ENABLE_OBJC_WEAK = YES;
				CLANG_WARN_BLOCK_CAPTURE_AUTORELEASING = YES;
				CLANG_WARN_BOOL_CONVERSION = YES;
				CLANG_WARN_COMMA = YES;
				CLANG_WARN_CONSTANT_CONVERSION = YES;
				CLANG_WARN_DEPRECATED_OBJC_IMPLEMENTATIONS = YES;
				CLANG_WARN_DIRECT_OBJC_ISA_USAGE = YES_ERROR;
				CLANG_WARN_DOCUMENTATION_COMMENTS = YES;
				CLANG_WARN_EMPTY_BODY = YES;
				CLANG_WARN_ENUM_CONVERSION = YES;
				CLANG_WARN_INFINITE_RECURSION = YES;
				CLANG_WARN_INT_CONVERSION = YES;
				CLANG_WARN_NON_LITERAL_NULL_CONVERSION = YES;
				CLANG_WARN_OBJC_IMPLICIT_RETAIN_SELF = YES;
				CLANG_WARN_OBJC_LITERAL_CONVERSION = YES;
				CLANG_WARN_OBJC_ROOT_CLASS = YES_ERROR;
				CLANG_WARN_QUOTED_INCLUDE_IN_FRAMEWORK_HEADER = YES;
				CLANG_WARN_RANGE_LOOP_ANALYSIS = YES;
				CLANG_WARN_STRICT_PROTOTYPES = YES;
				CLANG_WARN_SUSPICIOUS_MOVE = YES;
				CLANG_WARN_UNGUARDED_AVAILABILITY = YES_AGGRESSIVE;
				CLANG_WARN_UNREACHABLE_CODE = YES;
				CLANG_WARN__DUPLICATE_METHOD_MATCH = YES;
				COPY_PHASE_STRIP = NO;
				DEBUG_INFORMATION_FORMAT = "dwarf-with-dsym";
				ENABLE_NS_ASSERTIONS = NO;
				ENABLE_STRICT_OBJC_MSGSEND = YES;
				ENABLE_USER_SCRIPT_SANDBOXING = YES;
				GCC_C_LANGUAGE_STANDARD = gnu17;
				GCC_NO_COMMON_BLOCKS = YES;
				GCC_WARN_64_TO_32_BIT_CONVERSION = YES;
				GCC_WARN_ABOUT_RETURN_TYPE = YES_ERROR;
				GCC_WARN_UNDECLARED_SELECTOR = YES;
				GCC_WARN_UNINITIALIZED_AUTOS = YES_AGGRESSIVE;
				GCC_WARN_UNUSED_FUNCTION = YES;
				GCC_WARN_UNUSED_VARIABLE = YES;
				IPHONEOS_DEPLOYMENT_TARGET = 17.2;
				LOCALIZATION_PREFERS_STRING_CATALOGS = YES;
				MTL_ENABLE_DEBUG_INFO = NO;
				MTL_FAST_MATH = YES;
				SDKROOT = iphoneos;
				SWIFT_COMPILATION_MODE = wholemodule;
				VALIDATE_PRODUCT = YES;
			};
			name = Release;
		};
		0BD910352B725572008345EA /* Debug */ = {
			isa = XCBuildConfiguration;
			buildSettings = {
				ASSETCATALOG_COMPILER_APPICON_NAME = AppIcon;
				ASSETCATALOG_COMPILER_GLOBAL_ACCENT_COLOR_NAME = AccentColor;
				CODE_SIGN_STYLE = Automatic;
				CURRENT_PROJECT_VERSION = 1;
				DEVELOPMENT_ASSET_PATHS = "\"SwiftUI-practice/Preview Content\"";
				DEVELOPMENT_TEAM = Q7F3S7B9JL;
				ENABLE_PREVIEWS = YES;
				GENERATE_INFOPLIST_FILE = YES;
				INFOPLIST_FILE = "SwiftUI-practice/Info.plist";
				INFOPLIST_KEY_CFBundleDisplayName = "";
				INFOPLIST_KEY_UIApplicationSceneManifest_Generation = YES;
				INFOPLIST_KEY_UIApplicationSupportsIndirectInputEvents = YES;
				INFOPLIST_KEY_UILaunchScreen_Generation = YES;
				INFOPLIST_KEY_UISupportedInterfaceOrientations_iPad = "UIInterfaceOrientationPortrait UIInterfaceOrientationPortraitUpsideDown UIInterfaceOrientationLandscapeLeft UIInterfaceOrientationLandscapeRight";
				INFOPLIST_KEY_UISupportedInterfaceOrientations_iPhone = "UIInterfaceOrientationPortrait UIInterfaceOrientationLandscapeLeft UIInterfaceOrientationLandscapeRight";
				LD_RUNPATH_SEARCH_PATHS = (
					"$(inherited)",
					"@executable_path/Frameworks",
				);
				MARKETING_VERSION = 1.0;
				PRODUCT_BUNDLE_IDENTIFIER = "com.kimSeonWoo.SwiftUI-practice";
				PRODUCT_NAME = "$(TARGET_NAME)";
				SWIFT_EMIT_LOC_STRINGS = YES;
				SWIFT_VERSION = 5.0;
				TARGETED_DEVICE_FAMILY = "1,2";
			};
			name = Debug;
		};
		0BD910362B725572008345EA /* Release */ = {
			isa = XCBuildConfiguration;
			buildSettings = {
				ASSETCATALOG_COMPILER_APPICON_NAME = AppIcon;
				ASSETCATALOG_COMPILER_GLOBAL_ACCENT_COLOR_NAME = AccentColor;
				CODE_SIGN_STYLE = Automatic;
				CURRENT_PROJECT_VERSION = 1;
				DEVELOPMENT_ASSET_PATHS = "\"SwiftUI-practice/Preview Content\"";
				DEVELOPMENT_TEAM = Q7F3S7B9JL;
				ENABLE_PREVIEWS = YES;
				GENERATE_INFOPLIST_FILE = YES;
				INFOPLIST_FILE = "SwiftUI-practice/Info.plist";
				INFOPLIST_KEY_CFBundleDisplayName = "";
				INFOPLIST_KEY_UIApplicationSceneManifest_Generation = YES;
				INFOPLIST_KEY_UIApplicationSupportsIndirectInputEvents = YES;
				INFOPLIST_KEY_UILaunchScreen_Generation = YES;
				INFOPLIST_KEY_UISupportedInterfaceOrientations_iPad = "UIInterfaceOrientationPortrait UIInterfaceOrientationPortraitUpsideDown UIInterfaceOrientationLandscapeLeft UIInterfaceOrientationLandscapeRight";
				INFOPLIST_KEY_UISupportedInterfaceOrientations_iPhone = "UIInterfaceOrientationPortrait UIInterfaceOrientationLandscapeLeft UIInterfaceOrientationLandscapeRight";
				LD_RUNPATH_SEARCH_PATHS = (
					"$(inherited)",
					"@executable_path/Frameworks",
				);
				MARKETING_VERSION = 1.0;
				PRODUCT_BUNDLE_IDENTIFIER = "com.kimSeonWoo.SwiftUI-practice";
				PRODUCT_NAME = "$(TARGET_NAME)";
				SWIFT_EMIT_LOC_STRINGS = YES;
				SWIFT_VERSION = 5.0;
				TARGETED_DEVICE_FAMILY = "1,2";
			};
			name = Release;
		};
/* End XCBuildConfiguration section */

/* Begin XCConfigurationList section */
		0BD910212B725571008345EA /* Build configuration list for PBXProject "SwiftUI-practice" */ = {
			isa = XCConfigurationList;
			buildConfigurations = (
				0BD910322B725572008345EA /* Debug */,
				0BD910332B725572008345EA /* Release */,
			);
			defaultConfigurationIsVisible = 0;
			defaultConfigurationName = Release;
		};
		0BD910342B725572008345EA /* Build configuration list for PBXNativeTarget "SwiftUI-practice" */ = {
			isa = XCConfigurationList;
			buildConfigurations = (
				0BD910352B725572008345EA /* Debug */,
				0BD910362B725572008345EA /* Release */,
			);
			defaultConfigurationIsVisible = 0;
			defaultConfigurationName = Release;
		};
/* End XCConfigurationList section */

/* Begin XCRemoteSwiftPackageReference section */
		0B6256B92B921E4C006C4CE1 /* XCRemoteSwiftPackageReference "kakao-ios-sdk" */ = {
			isa = XCRemoteSwiftPackageReference;
			repositoryURL = "https://github.com/kakao/kakao-ios-sdk";
			requirement = {
				kind = upToNextMajorVersion;
				minimumVersion = 2.20.0;
			};
		};
/* End XCRemoteSwiftPackageReference section */

/* Begin XCSwiftPackageProductDependency section */
		0B6256BA2B921E4C006C4CE1 /* KakaoSDK */ = {
			isa = XCSwiftPackageProductDependency;
			package = 0B6256B92B921E4C006C4CE1 /* XCRemoteSwiftPackageReference "kakao-ios-sdk" */;
			productName = KakaoSDK;
		};
		0B6256BC2B921E4C006C4CE1 /* KakaoSDKAuth */ = {
			isa = XCSwiftPackageProductDependency;
			package = 0B6256B92B921E4C006C4CE1 /* XCRemoteSwiftPackageReference "kakao-ios-sdk" */;
			productName = KakaoSDKAuth;
		};
		0B6256BE2B921E4C006C4CE1 /* KakaoSDKCert */ = {
			isa = XCSwiftPackageProductDependency;
			package = 0B6256B92B921E4C006C4CE1 /* XCRemoteSwiftPackageReference "kakao-ios-sdk" */;
			productName = KakaoSDKCert;
		};
		0B6256C02B921E4C006C4CE1 /* KakaoSDKCertCore */ = {
			isa = XCSwiftPackageProductDependency;
			package = 0B6256B92B921E4C006C4CE1 /* XCRemoteSwiftPackageReference "kakao-ios-sdk" */;
			productName = KakaoSDKCertCore;
		};
		0B6256C22B921E4C006C4CE1 /* KakaoSDKCommon */ = {
			isa = XCSwiftPackageProductDependency;
			package = 0B6256B92B921E4C006C4CE1 /* XCRemoteSwiftPackageReference "kakao-ios-sdk" */;
			productName = KakaoSDKCommon;
		};
		0B6256C42B921E4C006C4CE1 /* KakaoSDKFriend */ = {
			isa = XCSwiftPackageProductDependency;
			package = 0B6256B92B921E4C006C4CE1 /* XCRemoteSwiftPackageReference "kakao-ios-sdk" */;
			productName = KakaoSDKFriend;
		};
		0B6256C62B921E4C006C4CE1 /* KakaoSDKFriendCore */ = {
			isa = XCSwiftPackageProductDependency;
			package = 0B6256B92B921E4C006C4CE1 /* XCRemoteSwiftPackageReference "kakao-ios-sdk" */;
			productName = KakaoSDKFriendCore;
		};
		0B6256C82B921E4C006C4CE1 /* KakaoSDKNavi */ = {
			isa = XCSwiftPackageProductDependency;
			package = 0B6256B92B921E4C006C4CE1 /* XCRemoteSwiftPackageReference "kakao-ios-sdk" */;
			productName = KakaoSDKNavi;
		};
		0B6256CA2B921E4C006C4CE1 /* KakaoSDKShare */ = {
			isa = XCSwiftPackageProductDependency;
			package = 0B6256B92B921E4C006C4CE1 /* XCRemoteSwiftPackageReference "kakao-ios-sdk" */;
			productName = KakaoSDKShare;
		};
		0B6256CC2B921E4C006C4CE1 /* KakaoSDKTalk */ = {
			isa = XCSwiftPackageProductDependency;
			package = 0B6256B92B921E4C006C4CE1 /* XCRemoteSwiftPackageReference "kakao-ios-sdk" */;
			productName = KakaoSDKTalk;
		};
		0B6256CE2B921E4C006C4CE1 /* KakaoSDKTemplate */ = {
			isa = XCSwiftPackageProductDependency;
			package = 0B6256B92B921E4C006C4CE1 /* XCRemoteSwiftPackageReference "kakao-ios-sdk" */;
			productName = KakaoSDKTemplate;
		};
		0B6256D02B921E4C006C4CE1 /* KakaoSDKUser */ = {
			isa = XCSwiftPackageProductDependency;
			package = 0B6256B92B921E4C006C4CE1 /* XCRemoteSwiftPackageReference "kakao-ios-sdk" */;
			productName = KakaoSDKUser;
		};
/* End XCSwiftPackageProductDependency section */
	};
	rootObject = 0BD9101E2B725571008345EA /* Project object */;
}
